
Microsoft Visual Studio Solution File, Format Version 12.00
# Visual Studio 2013
VisualStudioVersion = 12.0.20617.1 PREVIEW
MinimumVisualStudioVersion = 10.0.40219.1
Project("{FAE04EC0-301F-11D3-BF4B-00C04F79EFBC}") = "NinjectTest", "NinjectTest\NinjectTest.csproj", "{0480142C-9BA2-4816-8B3E-C4754BCA6B06}"
EndProject
Project("{FAE04EC0-301F-11D3-BF4B-00C04F79EFBC}") = "NinjectTest.Utilities", "NinjectTest.Utilities\NinjectTest.Utilities.csproj", "{2F97F48C-99BB-45BA-A5BC-556E547F6632}"
EndProject
Project("{FAE04EC0-301F-11D3-BF4B-00C04F79EFBC}") = "NinjectTest.Interfaces", "NinjectTest.Interfaces\NinjectTest.Interfaces.csproj", "{FDE0D191-9D68-434B-802E-617A6CE182B6}"
EndProject
Project("{FAE04EC0-301F-11D3-BF4B-00C04F79EFBC}") = "NinjectTest.Entities", "NinjectTest.Entities\NinjectTest.Entities.csproj", "{9C83A48F-4A47-41E9-AFE4-0FDEE89B6847}"
EndProject
Project("{FAE04EC0-301F-11D3-BF4B-00C04F79EFBC}") = "NinjectTest.Model", "NinjectTest.Model\NinjectTest.Model.csproj", "{9E31158A-E057-46DA-B58C-9EFD5669B4C9}"
EndProject
Project("{FAE04EC0-301F-11D3-BF4B-00C04F79EFBC}") = "NinjectTest.Services", "NinjectTest.Services\NinjectTest.Services.csproj", "{9FDBA402-3DDC-4720-AB98-8CA26AC65411}"
EndProject
Global
	GlobalSection(SolutionConfigurationPlatforms) = preSolution
		Debug|Any CPU = Debug|Any CPU
		Release|Any CPU = Release|Any CPU
	EndGlobalSection
	GlobalSection(ProjectConfigurationPlatforms) = postSolution
		{0480142C-9BA2-4816-8B3E-C4754BCA6B06}.Debug|Any CPU.ActiveCfg = Debug|Any CPU
		{0480142C-9BA2-4816-8B3E-C4754BCA6B06}.Debug|Any CPU.Build.0 = Debug|Any CPU
		{0480142C-9BA2-4816-8B3E-C4754BCA6B06}.Release|Any CPU.ActiveCfg = Release|Any CPU
		{0480142C-9BA2-4816-8B3E-C4754BCA6B06}.Release|Any CPU.Build.0 = Release|Any CPU
		{2F97F48C-99BB-45BA-A5BC-556E547F6632}.Debug|Any CPU.ActiveCfg = Debug|Any CPU
		{2F97F48C-99BB-45BA-A5BC-556E547F6632}.Debug|Any CPU.Build.0 = Debug|Any CPU
		{2F97F48C-99BB-45BA-A5BC-556E547F6632}.Release|Any CPU.ActiveCfg = Release|Any CPU
		{2F97F48C-99BB-45BA-A5BC-556E547F6632}.Release|Any CPU.Build.0 = Release|Any CPU
		{FDE0D191-9D68-434B-802E-617A6CE182B6}.Debug|Any CPU.ActiveCfg = Debug|Any CPU
		{FDE0D191-9D68-434B-802E-617A6CE182B6}.Debug|Any CPU.Build.0 = Debug|Any CPU
		{FDE0D191-9D68-434B-802E-617A6CE182B6}.Release|Any CPU.ActiveCfg = Release|Any CPU
		{FDE0D191-9D68-434B-802E-617A6CE182B6}.Release|Any CPU.Build.0 = Release|Any CPU
		{9C83A48F-4A47-41E9-AFE4-0FDEE89B6847}.Debug|Any CPU.ActiveCfg = Debug|Any CPU
		{9C83A48F-4A47-41E9-AFE4-0FDEE89B6847}.Debug|Any CPU.Build.0 = Debug|Any CPU
		{9C83A48F-4A47-41E9-AFE4-0FDEE89B6847}.Release|Any CPU.ActiveCfg = Release|Any CPU
		{9C83A48F-4A47-41E9-AFE4-0FDEE89B6847}.Release|Any CPU.Build.0 = Release|Any CPU
		{9E31158A-E057-46DA-B58C-9EFD5669B4C9}.Debug|Any CPU.ActiveCfg = Debug|Any CPU
		{9E31158A-E057-46DA-B58C-9EFD5669B4C9}.Debug|Any CPU.Build.0 = Debug|Any CPU
		{9E31158A-E057-46DA-B58C-9EFD5669B4C9}.Release|Any CPU.ActiveCfg = Release|Any CPU
		{9E31158A-E057-46DA-B58C-9EFD5669B4C9}.Release|Any CPU.Build.0 = Release|Any CPU
		{9FDBA402-3DDC-4720-AB98-8CA26AC65411}.Debug|Any CPU.ActiveCfg = Debug|Any CPU
		{9FDBA402-3DDC-4720-AB98-8CA26AC65411}.Debug|Any CPU.Build.0 = Debug|Any CPU
		{9FDBA402-3DDC-4720-AB98-8CA26AC65411}.Release|Any CPU.ActiveCfg = Release|Any CPU
		{9FDBA402-3DDC-4720-AB98-8CA26AC65411}.Release|Any CPU.Build.0 = Release|Any CPU
	EndGlobalSection
	GlobalSection(SolutionProperties) = preSolution
		HideSolutionNode = FALSE
	EndGlobalSection
EndGlobal
